# This file is generated by running "yarn install" inside your project.
# Manual changes might be lost - proceed with caution!

__metadata:
  version: 6

"@swc/plugin-emotion@workspace:packages/emotion":
  version: 0.0.0-use.local
  resolution: "@swc/plugin-emotion@workspace:packages/emotion"
  languageName: unknown
  linkType: soft

"@swc/plugin-jest@workspace:packages/jest":
  version: 0.0.0-use.local
  resolution: "@swc/plugin-jest@workspace:packages/jest"
  languageName: unknown
  linkType: soft

"@swc/plugin-loadable-components@workspace:packages/loadable-components":
  version: 0.0.0-use.local
  resolution: "@swc/plugin-loadable-components@workspace:packages/loadable-components"
  languageName: unknown
  linkType: soft

"@swc/plugin-relay@workspace:packages/relay":
  version: 0.0.0-use.local
  resolution: "@swc/plugin-relay@workspace:packages/relay"
  languageName: unknown
  linkType: soft

"@swc/plugin-styled-components@workspace:packages/styled-components":
  version: 0.0.0-use.local
  resolution: "@swc/plugin-styled-components@workspace:packages/styled-components"
  languageName: unknown
  linkType: soft

"@swc/plugin-styled-jsx@workspace:packages/styled-jsx":
  version: 0.0.0-use.local
  resolution: "@swc/plugin-styled-jsx@workspace:packages/styled-jsx"
  languageName: unknown
  linkType: soft

"@swc/plugin-transform-imports@workspace:packages/transform-imports":
  version: 0.0.0-use.local
  resolution: "@swc/plugin-transform-imports@workspace:packages/transform-imports"
  languageName: unknown
  linkType: soft

"swc-plugins@workspace:.":
  version: 0.0.0-use.local
  resolution: "swc-plugins@workspace:."
  languageName: unknown
  linkType: soft
